// !$*UTF8*$!
{
	archiveVersion = 1;
	classes = {
	};
	objectVersion = 50;
	objects = {

/* Begin PBXBuildFile section */
		5425024A241D2D630094B882 /* LoginViewController.swift in Sources */ = {isa = PBXBuildFile; fileRef = 54250249241D2D630094B882 /* LoginViewController.swift */; };
		5425026D241D8E0E0094B882 /* QueryResult.swift in Sources */ = {isa = PBXBuildFile; fileRef = 5425026C241D8E0E0094B882 /* QueryResult.swift */; };
		54562A5C2335285B005BD448 /* DetailViewController.swift in Sources */ = {isa = PBXBuildFile; fileRef = 54562A5B2335285B005BD448 /* DetailViewController.swift */; };
		5467E96B23244ADC00E65C9C /* AppDelegate.swift in Sources */ = {isa = PBXBuildFile; fileRef = 5467E96A23244ADC00E65C9C /* AppDelegate.swift */; };
		5467E97023244ADC00E65C9C /* Main.storyboard in Resources */ = {isa = PBXBuildFile; fileRef = 5467E96E23244ADC00E65C9C /* Main.storyboard */; };
		5467E97223244ADC00E65C9C /* Assets.xcassets in Resources */ = {isa = PBXBuildFile; fileRef = 5467E97123244ADC00E65C9C /* Assets.xcassets */; };
		5467E97523244ADC00E65C9C /* LaunchScreen.storyboard in Resources */ = {isa = PBXBuildFile; fileRef = 5467E97323244ADC00E65C9C /* LaunchScreen.storyboard */; };
		5467E97E23244E1700E65C9C /* SearchViewController.swift in Sources */ = {isa = PBXBuildFile; fileRef = 5467E97D23244E1700E65C9C /* SearchViewController.swift */; };
		5467E9812324526400E65C9C /* TextTableViewCell.swift in Sources */ = {isa = PBXBuildFile; fileRef = 5467E9802324526400E65C9C /* TextTableViewCell.swift */; };
		5467E98323248FB400E65C9C /* NumberTableViewCell.swift in Sources */ = {isa = PBXBuildFile; fileRef = 5467E98223248FB400E65C9C /* NumberTableViewCell.swift */; };
		5479B3DB232CA9D1002160F5 /* Student.swift in Sources */ = {isa = PBXBuildFile; fileRef = 5479B3DA232CA9D1002160F5 /* Student.swift */; };
		547D467A23352F330058D767 /* ProfileTableViewCell.swift in Sources */ = {isa = PBXBuildFile; fileRef = 547D467923352F330058D767 /* ProfileTableViewCell.swift */; };
		547D467C233540A70058D767 /* AttributeTableViewCell.swift in Sources */ = {isa = PBXBuildFile; fileRef = 547D467B233540A70058D767 /* AttributeTableViewCell.swift */; };
		548EEC8E232CB0470009645D /* SGA.swift in Sources */ = {isa = PBXBuildFile; fileRef = 548EEC8D232CB0470009645D /* SGA.swift */; };
		54AEF5342327EE5500C6241F /* PickerViewTableViewCell.swift in Sources */ = {isa = PBXBuildFile; fileRef = 54AEF5332327EE5500C6241F /* PickerViewTableViewCell.swift */; };
		54AEF5362328679500C6241F /* ListViewController.swift in Sources */ = {isa = PBXBuildFile; fileRef = 54AEF5352328679500C6241F /* ListViewController.swift */; };
		54AEF538232CA79B00C6241F /* Person.swift in Sources */ = {isa = PBXBuildFile; fileRef = 54AEF537232CA79B00C6241F /* Person.swift */; };
		54B3ABD7232CB199002E2DBE /* Faculty.swift in Sources */ = {isa = PBXBuildFile; fileRef = 54B3ABD6232CB199002E2DBE /* Faculty.swift */; };
		54B3ABDA232CC122002E2DBE /* ResultTableViewCell.swift in Sources */ = {isa = PBXBuildFile; fileRef = 54B3ABD9232CC122002E2DBE /* ResultTableViewCell.swift */; };
/* End PBXBuildFile section */

/* Begin PBXFileReference section */
		54250249241D2D630094B882 /* LoginViewController.swift */ = {isa = PBXFileReference; lastKnownFileType = sourcecode.swift; path = LoginViewController.swift; sourceTree = "<group>"; };
		5425026C241D8E0E0094B882 /* QueryResult.swift */ = {isa = PBXFileReference; lastKnownFileType = sourcecode.swift; path = QueryResult.swift; sourceTree = "<group>"; };
		54562A5B2335285B005BD448 /* DetailViewController.swift */ = {isa = PBXFileReference; lastKnownFileType = sourcecode.swift; path = DetailViewController.swift; sourceTree = "<group>"; };
		5467E96723244ADC00E65C9C /* GrinnellDB.app */ = {isa = PBXFileReference; explicitFileType = wrapper.application; includeInIndex = 0; path = GrinnellDB.app; sourceTree = BUILT_PRODUCTS_DIR; };
		5467E96A23244ADC00E65C9C /* AppDelegate.swift */ = {isa = PBXFileReference; lastKnownFileType = sourcecode.swift; path = AppDelegate.swift; sourceTree = "<group>"; };
		5467E96F23244ADC00E65C9C /* Base */ = {isa = PBXFileReference; lastKnownFileType = file.storyboard; name = Base; path = Base.lproj/Main.storyboard; sourceTree = "<group>"; };
		5467E97123244ADC00E65C9C /* Assets.xcassets */ = {isa = PBXFileReference; lastKnownFileType = folder.assetcatalog; path = Assets.xcassets; sourceTree = "<group>"; };
		5467E97423244ADC00E65C9C /* Base */ = {isa = PBXFileReference; lastKnownFileType = file.storyboard; name = Base; path = Base.lproj/LaunchScreen.storyboard; sourceTree = "<group>"; };
		5467E97623244ADC00E65C9C /* Info.plist */ = {isa = PBXFileReference; lastKnownFileType = text.plist.xml; path = Info.plist; sourceTree = "<group>"; };
		5467E97D23244E1700E65C9C /* SearchViewController.swift */ = {isa = PBXFileReference; lastKnownFileType = sourcecode.swift; name = SearchViewController.swift; path = GrinnellDB/Controller/SearchViewController.swift; sourceTree = SOURCE_ROOT; };
		5467E9802324526400E65C9C /* TextTableViewCell.swift */ = {isa = PBXFileReference; lastKnownFileType = sourcecode.swift; path = TextTableViewCell.swift; sourceTree = "<group>"; };
		5467E98223248FB400E65C9C /* NumberTableViewCell.swift */ = {isa = PBXFileReference; lastKnownFileType = sourcecode.swift; path = NumberTableViewCell.swift; sourceTree = "<group>"; };
		5479B3DA232CA9D1002160F5 /* Student.swift */ = {isa = PBXFileReference; lastKnownFileType = sourcecode.swift; path = Student.swift; sourceTree = "<group>"; };
		547D467923352F330058D767 /* ProfileTableViewCell.swift */ = {isa = PBXFileReference; lastKnownFileType = sourcecode.swift; path = ProfileTableViewCell.swift; sourceTree = "<group>"; };
		547D467B233540A70058D767 /* AttributeTableViewCell.swift */ = {isa = PBXFileReference; lastKnownFileType = sourcecode.swift; path = AttributeTableViewCell.swift; sourceTree = "<group>"; };
		548EEC8D232CB0470009645D /* SGA.swift */ = {isa = PBXFileReference; lastKnownFileType = sourcecode.swift; path = SGA.swift; sourceTree = "<group>"; };
		54AEF5332327EE5500C6241F /* PickerViewTableViewCell.swift */ = {isa = PBXFileReference; lastKnownFileType = sourcecode.swift; path = PickerViewTableViewCell.swift; sourceTree = "<group>"; };
		54AEF5352328679500C6241F /* ListViewController.swift */ = {isa = PBXFileReference; lastKnownFileType = sourcecode.swift; path = ListViewController.swift; sourceTree = "<group>"; };
		54AEF537232CA79B00C6241F /* Person.swift */ = {isa = PBXFileReference; lastKnownFileType = sourcecode.swift; path = Person.swift; sourceTree = "<group>"; };
		54B3ABD6232CB199002E2DBE /* Faculty.swift */ = {isa = PBXFileReference; lastKnownFileType = sourcecode.swift; path = Faculty.swift; sourceTree = "<group>"; };
		54B3ABD9232CC122002E2DBE /* ResultTableViewCell.swift */ = {isa = PBXFileReference; lastKnownFileType = sourcecode.swift; path = ResultTableViewCell.swift; sourceTree = "<group>"; };
/* End PBXFileReference section */

/* Begin PBXFrameworksBuildPhase section */
		5467E96423244ADC00E65C9C /* Frameworks */ = {
			isa = PBXFrameworksBuildPhase;
			buildActionMask = 2147483647;
			files = (
			);
			runOnlyForDeploymentPostprocessing = 0;
		};
/* End PBXFrameworksBuildPhase section */

/* Begin PBXGroup section */
		5467E95E23244ADC00E65C9C = {
			isa = PBXGroup;
			children = (
				5467E96923244ADC00E65C9C /* GrinnellDB */,
				5467E96823244ADC00E65C9C /* Products */,
			);
			sourceTree = "<group>";
		};
		5467E96823244ADC00E65C9C /* Products */ = {
			isa = PBXGroup;
			children = (
				5467E96723244ADC00E65C9C /* GrinnellDB.app */,
			);
			name = Products;
			sourceTree = "<group>";
		};
		5467E96923244ADC00E65C9C /* GrinnellDB */ = {
			isa = PBXGroup;
			children = (
				5467E96E23244ADC00E65C9C /* Main.storyboard */,
				54B3ABD8232CBEA1002E2DBE /* Controller */,
				5467E97F232451B400E65C9C /* Cell */,
				54AEF539232CA7AB00C6241F /* Model */,
				5467E97C23244DDB00E65C9C /* Supporting files */,
				5467E97123244ADC00E65C9C /* Assets.xcassets */,
			);
			path = GrinnellDB;
			sourceTree = "<group>";
		};
		5467E97C23244DDB00E65C9C /* Supporting files */ = {
			isa = PBXGroup;
			children = (
				5467E96A23244ADC00E65C9C /* AppDelegate.swift */,
				5467E97323244ADC00E65C9C /* LaunchScreen.storyboard */,
				5467E97623244ADC00E65C9C /* Info.plist */,
			);
			path = "Supporting files";
			sourceTree = "<group>";
		};
		5467E97F232451B400E65C9C /* Cell */ = {
			isa = PBXGroup;
			children = (
				5467E9802324526400E65C9C /* TextTableViewCell.swift */,
				54B3ABD9232CC122002E2DBE /* ResultTableViewCell.swift */,
				5467E98223248FB400E65C9C /* NumberTableViewCell.swift */,
				54AEF5332327EE5500C6241F /* PickerViewTableViewCell.swift */,
				547D467923352F330058D767 /* ProfileTableViewCell.swift */,
				547D467B233540A70058D767 /* AttributeTableViewCell.swift */,
			);
			path = Cell;
			sourceTree = "<group>";
		};
		54AEF539232CA7AB00C6241F /* Model */ = {
			isa = PBXGroup;
			children = (
				54AEF537232CA79B00C6241F /* Person.swift */,
				54B3ABD6232CB199002E2DBE /* Faculty.swift */,
				5479B3DA232CA9D1002160F5 /* Student.swift */,
				548EEC8D232CB0470009645D /* SGA.swift */,
				5425026C241D8E0E0094B882 /* QueryResult.swift */,
			);
			path = Model;
			sourceTree = "<group>";
		};
		54B3ABD8232CBEA1002E2DBE /* Controller */ = {
			isa = PBXGroup;
			children = (
				5467E97D23244E1700E65C9C /* SearchViewController.swift */,
				54250249241D2D630094B882 /* LoginViewController.swift */,
				54AEF5352328679500C6241F /* ListViewController.swift */,
				54562A5B2335285B005BD448 /* DetailViewController.swift */,
			);
			path = Controller;
			sourceTree = "<group>";
		};
/* End PBXGroup section */

/* Begin PBXNativeTarget section */
		5467E96623244ADC00E65C9C /* GrinnellDB */ = {
			isa = PBXNativeTarget;
			buildConfigurationList = 5467E97923244ADC00E65C9C /* Build configuration list for PBXNativeTarget "GrinnellDB" */;
			buildPhases = (
				5467E96323244ADC00E65C9C /* Sources */,
				5467E96423244ADC00E65C9C /* Frameworks */,
				5467E96523244ADC00E65C9C /* Resources */,
			);
			buildRules = (
			);
			dependencies = (
			);
			name = GrinnellDB;
			productName = GrinnellDB;
			productReference = 5467E96723244ADC00E65C9C /* GrinnellDB.app */;
			productType = "com.apple.product-type.application";
		};
/* End PBXNativeTarget section */

/* Begin PBXProject section */
		5467E95F23244ADC00E65C9C /* Project object */ = {
			isa = PBXProject;
			attributes = {
				LastSwiftUpdateCheck = 1030;
				LastUpgradeCheck = 1030;
				ORGANIZATIONNAME = Zixuan;
				TargetAttributes = {
					5467E96623244ADC00E65C9C = {
						CreatedOnToolsVersion = 10.3;
					};
				};
			};
			buildConfigurationList = 5467E96223244ADC00E65C9C /* Build configuration list for PBXProject "GrinnellDB" */;
			compatibilityVersion = "Xcode 9.3";
			developmentRegion = en;
			hasScannedForEncodings = 0;
			knownRegions = (
				en,
				Base,
			);
			mainGroup = 5467E95E23244ADC00E65C9C;
			productRefGroup = 5467E96823244ADC00E65C9C /* Products */;
			projectDirPath = "";
			projectRoot = "";
			targets = (
				5467E96623244ADC00E65C9C /* GrinnellDB */,
			);
		};
/* End PBXProject section */

/* Begin PBXResourcesBuildPhase section */
		5467E96523244ADC00E65C9C /* Resources */ = {
			isa = PBXResourcesBuildPhase;
			buildActionMask = 2147483647;
			files = (
				5467E97523244ADC00E65C9C /* LaunchScreen.storyboard in Resources */,
				5467E97223244ADC00E65C9C /* Assets.xcassets in Resources */,
				5467E97023244ADC00E65C9C /* Main.storyboard in Resources */,
			);
			runOnlyForDeploymentPostprocessing = 0;
		};
/* End PBXResourcesBuildPhase section */

/* Begin PBXSourcesBuildPhase section */
		5467E96323244ADC00E65C9C /* Sources */ = {
			isa = PBXSourcesBuildPhase;
			buildActionMask = 2147483647;
			files = (
				547D467C233540A70058D767 /* AttributeTableViewCell.swift in Sources */,
				5425026D241D8E0E0094B882 /* QueryResult.swift in Sources */,
				54B3ABDA232CC122002E2DBE /* ResultTableViewCell.swift in Sources */,
				54B3ABD7232CB199002E2DBE /* Faculty.swift in Sources */,
				5425024A241D2D630094B882 /* LoginViewController.swift in Sources */,
				5467E98323248FB400E65C9C /* NumberTableViewCell.swift in Sources */,
				54562A5C2335285B005BD448 /* DetailViewController.swift in Sources */,
				548EEC8E232CB0470009645D /* SGA.swift in Sources */,
				54AEF5342327EE5500C6241F /* PickerViewTableViewCell.swift in Sources */,
				54AEF538232CA79B00C6241F /* Person.swift in Sources */,
				5467E9812324526400E65C9C /* TextTableViewCell.swift in Sources */,
				54AEF5362328679500C6241F /* ListViewController.swift in Sources */,
				547D467A23352F330058D767 /* ProfileTableViewCell.swift in Sources */,
				5479B3DB232CA9D1002160F5 /* Student.swift in Sources */,
				5467E96B23244ADC00E65C9C /* AppDelegate.swift in Sources */,
				5467E97E23244E1700E65C9C /* SearchViewController.swift in Sources */,
			);
			runOnlyForDeploymentPostprocessing = 0;
		};
/* End PBXSourcesBuildPhase section */

/* Begin PBXVariantGroup section */
		5467E96E23244ADC00E65C9C /* Main.storyboard */ = {
			isa = PBXVariantGroup;
			children = (
				5467E96F23244ADC00E65C9C /* Base */,
			);
			name = Main.storyboard;
			sourceTree = "<group>";
		};
		5467E97323244ADC00E65C9C /* LaunchScreen.storyboard */ = {
			isa = PBXVariantGroup;
			children = (
				5467E97423244ADC00E65C9C /* Base */,
			);
			name = LaunchScreen.storyboard;
			sourceTree = "<group>";
		};
/* End PBXVariantGroup section */

/* Begin XCBuildConfiguration section */
		5467E97723244ADC00E65C9C /* Debug */ = {
			isa = XCBuildConfiguration;
			buildSettings = {
				ALWAYS_SEARCH_USER_PATHS = NO;
				CLANG_ANALYZER_NONNULL = YES;
				CLANG_ANALYZER_NUMBER_OBJECT_CONVERSION = YES_AGGRESSIVE;
				CLANG_CXX_LANGUAGE_STANDARD = "gnu++14";
				CLANG_CXX_LIBRARY = "libc++";
				CLANG_ENABLE_MODULES = YES;
				CLANG_ENABLE_OBJC_ARC = YES;
				CLANG_ENABLE_OBJC_WEAK = YES;
				CLANG_WARN_BLOCK_CAPTURE_AUTORELEASING = YES;
				CLANG_WARN_BOOL_CONVERSION = YES;
				CLANG_WARN_COMMA = YES;
				CLANG_WARN_CONSTANT_CONVERSION = YES;
				CLANG_WARN_DEPRECATED_OBJC_IMPLEMENTATIONS = YES;
				CLANG_WARN_DIRECT_OBJC_ISA_USAGE = YES_ERROR;
				CLANG_WARN_DOCUMENTATION_COMMENTS = YES;
				CLANG_WARN_EMPTY_BODY = YES;
				CLANG_WARN_ENUM_CONVERSION = YES;
				CLANG_WARN_INFINITE_RECURSION = YES;
				CLANG_WARN_INT_CONVERSION = YES;
				CLANG_WARN_NON_LITERAL_NULL_CONVERSION = YES;
				CLANG_WARN_OBJC_IMPLICIT_RETAIN_SELF = YES;
				CLANG_WARN_OBJC_LITERAL_CONVERSION = YES;
				CLANG_WARN_OBJC_ROOT_CLASS = YES_ERROR;
				CLANG_WARN_RANGE_LOOP_ANALYSIS = YES;
				CLANG_WARN_STRICT_PROTOTYPES = YES;
				CLANG_WARN_SUSPICIOUS_MOVE = YES;
				CLANG_WARN_UNGUARDED_AVAILABILITY = YES_AGGRESSIVE;
				CLANG_WARN_UNREACHABLE_CODE = YES;
				CLANG_WARN__DUPLICATE_METHOD_MATCH = YES;
				CODE_SIGN_IDENTITY = "iPhone Developer";
				COPY_PHASE_STRIP = NO;
				DEBUG_INFORMATION_FORMAT = dwarf;
				ENABLE_STRICT_OBJC_MSGSEND = YES;
				ENABLE_TESTABILITY = YES;
				GCC_C_LANGUAGE_STANDARD = gnu11;
				GCC_DYNAMIC_NO_PIC = NO;
				GCC_NO_COMMON_BLOCKS = YES;
				GCC_OPTIMIZATION_LEVEL = 0;
				GCC_PREPROCESSOR_DEFINITIONS = (
					"DEBUG=1",
					"$(inherited)",
				);
				GCC_WARN_64_TO_32_BIT_CONVERSION = YES;
				GCC_WARN_ABOUT_RETURN_TYPE = YES_ERROR;
				GCC_WARN_UNDECLARED_SELECTOR = YES;
				GCC_WARN_UNINITIALIZED_AUTOS = YES_AGGRESSIVE;
				GCC_WARN_UNUSED_FUNCTION = YES;
				GCC_WARN_UNUSED_VARIABLE = YES;
				IPHONEOS_DEPLOYMENT_TARGET = 12.4;
				MTL_ENABLE_DEBUG_INFO = INCLUDE_SOURCE;
				MTL_FAST_MATH = YES;
				ONLY_ACTIVE_ARCH = YES;
				SDKROOT = iphoneos;
				SWIFT_ACTIVE_COMPILATION_CONDITIONS = DEBUG;
				SWIFT_OPTIMIZATION_LEVEL = "-Onone";
			};
			name = Debug;
		};
		5467E97823244ADC00E65C9C /* Release */ = {
			isa = XCBuildConfiguration;
			buildSettings = {
				ALWAYS_SEARCH_USER_PATHS = NO;
				CLANG_ANALYZER_NONNULL = YES;
				CLANG_ANALYZER_NUMBER_OBJECT_CONVERSION = YES_AGGRESSIVE;
				CLANG_CXX_LANGUAGE_STANDARD = "gnu++14";
				CLANG_CXX_LIBRARY = "libc++";
				CLANG_ENABLE_MODULES = YES;
				CLANG_ENABLE_OBJC_ARC = YES;
				CLANG_ENABLE_OBJC_WEAK = YES;
				CLANG_WARN_BLOCK_CAPTURE_AUTORELEASING = YES;
				CLANG_WARN_BOOL_CONVERSION = YES;
				CLANG_WARN_COMMA = YES;
				CLANG_WARN_CONSTANT_CONVERSION = YES;
				CLANG_WARN_DEPRECATED_OBJC_IMPLEMENTATIONS = YES;
				CLANG_WARN_DIRECT_OBJC_ISA_USAGE = YES_ERROR;
				CLANG_WARN_DOCUMENTATION_COMMENTS = YES;
				CLANG_WARN_EMPTY_BODY = YES;
				CLANG_WARN_ENUM_CONVERSION = YES;
				CLANG_WARN_INFINITE_RECURSION = YES;
				CLANG_WARN_INT_CONVERSION = YES;
				CLANG_WARN_NON_LITERAL_NULL_CONVERSION = YES;
				CLANG_WARN_OBJC_IMPLICIT_RETAIN_SELF = YES;
				CLANG_WARN_OBJC_LITERAL_CONVERSION = YES;
				CLANG_WARN_OBJC_ROOT_CLASS = YES_ERROR;
				CLANG_WARN_RANGE_LOOP_ANALYSIS = YES;
				CLANG_WARN_STRICT_PROTOTYPES = YES;
				CLANG_WARN_SUSPICIOUS_MOVE = YES;
				CLANG_WARN_UNGUARDED_AVAILABILITY = YES_AGGRESSIVE;
				CLANG_WARN_UNREACHABLE_CODE = YES;
				CLANG_WARN__DUPLICATE_METHOD_MATCH = YES;
				CODE_SIGN_IDENTITY = "iPhone Developer";
				COPY_PHASE_STRIP = NO;
				DEBUG_INFORMATION_FORMAT = "dwarf-with-dsym";
				ENABLE_NS_ASSERTIONS = NO;
				ENABLE_STRICT_OBJC_MSGSEND = YES;
				GCC_C_LANGUAGE_STANDARD = gnu11;
				GCC_NO_COMMON_BLOCKS = YES;
				GCC_WARN_64_TO_32_BIT_CONVERSION = YES;
				GCC_WARN_ABOUT_RETURN_TYPE = YES_ERROR;
				GCC_WARN_UNDECLARED_SELECTOR = YES;
				GCC_WARN_UNINITIALIZED_AUTOS = YES_AGGRESSIVE;
				GCC_WARN_UNUSED_FUNCTION = YES;
				GCC_WARN_UNUSED_VARIABLE = YES;
				IPHONEOS_DEPLOYMENT_TARGET = 12.4;
				MTL_ENABLE_DEBUG_INFO = NO;
				MTL_FAST_MATH = YES;
				SDKROOT = iphoneos;
				SWIFT_COMPILATION_MODE = wholemodule;
				SWIFT_OPTIMIZATION_LEVEL = "-O";
				VALIDATE_PRODUCT = YES;
			};
			name = Release;
		};
		5467E97A23244ADC00E65C9C /* Debug */ = {
			isa = XCBuildConfiguration;
			buildSettings = {
				ASSETCATALOG_COMPILER_APPICON_NAME = AppIcon;
				CODE_SIGN_STYLE = Automatic;
				DEVELOPMENT_TEAM = WVT626CQLL;
				INFOPLIST_FILE = "$(SRCROOT)/GrinnellDB/Supporting files/Info.plist";
				LD_RUNPATH_SEARCH_PATHS = (
					"$(inherited)",
					"@executable_path/Frameworks",
				);
				PRODUCT_BUNDLE_IDENTIFIER = edu.db.appdev.grinnell;
				PRODUCT_NAME = "$(TARGET_NAME)";
				SWIFT_VERSION = 5.0;
				TARGETED_DEVICE_FAMILY = 1;
			};
			name = Debug;
		};
		5467E97B23244ADC00E65C9C /* Release */ = {
			isa = XCBuildConfiguration;
			buildSettings = {
				ASSETCATALOG_COMPILER_APPICON_NAME = AppIcon;
				CODE_SIGN_STYLE = Automatic;
				DEVELOPMENT_TEAM = WVT626CQLL;
				INFOPLIST_FILE = "$(SRCROOT)/GrinnellDB/Supporting files/Info.plist";
				LD_RUNPATH_SEARCH_PATHS = (
					"$(inherited)",
					"@executable_path/Frameworks",
				);
				PRODUCT_BUNDLE_IDENTIFIER = edu.db.appdev.grinnell;
				PRODUCT_NAME = "$(TARGET_NAME)";
				SWIFT_VERSION = 5.0;
				TARGETED_DEVICE_FAMILY = 1;
			};
			name = Release;
		};
/* End XCBuildConfiguration section */

/* Begin XCConfigurationList section */
		5467E96223244ADC00E65C9C /* Build configuration list for PBXProject "GrinnellDB" */ = {
			isa = XCConfigurationList;
			buildConfigurations = (
				5467E97723244ADC00E65C9C /* Debug */,
				5467E97823244ADC00E65C9C /* Release */,
			);
			defaultConfigurationIsVisible = 0;
			defaultConfigurationName = Release;
		};
		5467E97923244ADC00E65C9C /* Build configuration list for PBXNativeTarget "GrinnellDB" */ = {
			isa = XCConfigurationList;
			buildConfigurations = (
				5467E97A23244ADC00E65C9C /* Debug */,
				5467E97B23244ADC00E65C9C /* Release */,
			);
			defaultConfigurationIsVisible = 0;
			defaultConfigurationName = Release;
		};
/* End XCConfigurationList section */
	};
	rootObject = 5467E95F23244ADC00E65C9C /* Project object */;
}
